
Microsoft Visual Studio Solution File, Format Version 12.00
# Visual Studio 2013
VisualStudioVersion = 12.0.21005.1
MinimumVisualStudioVersion = 10.0.40219.1
Project("{2150E333-8FDC-42A3-9474-1A3956D46DE8}") = "Solution Items", "Solution Items", "{AFA75C08-29F2-45B7-A5F6-C1BFEE870BC0}"
EndProject
Project("{FAE04EC0-301F-11D3-BF4B-00C04F79EFBC}") = "GVRET-PC", "GVRET-PC\GVRET-PC.csproj", "{3FF0A70B-9B01-4F70-8681-7725FCBE7A11}"
EndProject
Global
	GlobalSection(SolutionConfigurationPlatforms) = preSolution
		Debug|x86 = Debug|x86
		Release|x86 = Release|x86
	EndGlobalSection
	GlobalSection(ProjectConfigurationPlatforms) = postSolution
		{3FF0A70B-9B01-4F70-8681-7725FCBE7A11}.Debug|x86.ActiveCfg = Debug|x86
		{3FF0A70B-9B01-4F70-8681-7725FCBE7A11}.Debug|x86.Build.0 = Debug|x86
		{3FF0A70B-9B01-4F70-8681-7725FCBE7A11}.Release|x86.ActiveCfg = Release|x86
		{3FF0A70B-9B01-4F70-8681-7725FCBE7A11}.Release|x86.Build.0 = Release|x86
	EndGlobalSection
	GlobalSection(SolutionProperties) = preSolution
		HideSolutionNode = FALSE
	EndGlobalSection
	GlobalSection(NestedProjects) = preSolution
		{3FF0A70B-9B01-4F70-8681-7725FCBE7A11} = {AFA75C08-29F2-45B7-A5F6-C1BFEE870BC0}
	EndGlobalSection
	GlobalSection(Performance) = preSolution
		HasPerformanceSessions = true
	EndGlobalSection
EndGlobal
